
Microsoft Visual Studio Solution File, Format Version 12.00
# Visual Studio Version 16
VisualStudioVersion = 16.0.30523.141
MinimumVisualStudioVersion = 10.0.40219.1
Project("{2150E333-8FDC-42A3-9474-1A3956D46DE8}") = "Core", "Core", "{0F4B4525-EC1F-4AF5-AAD9-1F02A16942FF}"
EndProject
Project("{2150E333-8FDC-42A3-9474-1A3956D46DE8}") = "Presentation", "Presentation", "{31E98508-C1B5-4C2B-BBD5-5740A5356E7C}"
EndProject
Project("{9A19103F-16F7-4668-BE54-9A1E7A4F7556}") = "Domain", "Domain\Domain.csproj", "{18945577-912B-4436-8485-B3F3534A588B}"
EndProject
Project("{9A19103F-16F7-4668-BE54-9A1E7A4F7556}") = "Application", "Application\Application.csproj", "{8F9DA149-86A8-467D-99DE-5303552A522B}"
EndProject
Project("{2150E333-8FDC-42A3-9474-1A3956D46DE8}") = "Infrastructure", "Infrastructure", "{DF646FE3-E02E-4EE4-A1D6-20C88988FF1C}"
EndProject
Project("{9A19103F-16F7-4668-BE54-9A1E7A4F7556}") = "Persistence", "Persistence\Persistence.csproj", "{6E62E564-D8B2-4B1C-8E41-6C01702FCD68}"
EndProject
Project("{9A19103F-16F7-4668-BE54-9A1E7A4F7556}") = "Web", "Web\Web.csproj", "{C117A2D2-6DCE-48A6-9B61-C543BEAA2904}"
EndProject
Project("{9A19103F-16F7-4668-BE54-9A1E7A4F7556}") = "Repository", "Repository\Repository.csproj", "{54D17A4D-D649-4DFC-9B5C-45C8B86F2BF2}"
EndProject
Global
	GlobalSection(SolutionConfigurationPlatforms) = preSolution
		Debug|Any CPU = Debug|Any CPU
		Release|Any CPU = Release|Any CPU
	EndGlobalSection
	GlobalSection(ProjectConfigurationPlatforms) = postSolution
		{18945577-912B-4436-8485-B3F3534A588B}.Debug|Any CPU.ActiveCfg = Debug|Any CPU
		{18945577-912B-4436-8485-B3F3534A588B}.Debug|Any CPU.Build.0 = Debug|Any CPU
		{18945577-912B-4436-8485-B3F3534A588B}.Release|Any CPU.ActiveCfg = Release|Any CPU
		{18945577-912B-4436-8485-B3F3534A588B}.Release|Any CPU.Build.0 = Release|Any CPU
		{8F9DA149-86A8-467D-99DE-5303552A522B}.Debug|Any CPU.ActiveCfg = Debug|Any CPU
		{8F9DA149-86A8-467D-99DE-5303552A522B}.Debug|Any CPU.Build.0 = Debug|Any CPU
		{8F9DA149-86A8-467D-99DE-5303552A522B}.Release|Any CPU.ActiveCfg = Release|Any CPU
		{8F9DA149-86A8-467D-99DE-5303552A522B}.Release|Any CPU.Build.0 = Release|Any CPU
		{6E62E564-D8B2-4B1C-8E41-6C01702FCD68}.Debug|Any CPU.ActiveCfg = Debug|Any CPU
		{6E62E564-D8B2-4B1C-8E41-6C01702FCD68}.Debug|Any CPU.Build.0 = Debug|Any CPU
		{6E62E564-D8B2-4B1C-8E41-6C01702FCD68}.Release|Any CPU.ActiveCfg = Release|Any CPU
		{6E62E564-D8B2-4B1C-8E41-6C01702FCD68}.Release|Any CPU.Build.0 = Release|Any CPU
		{C117A2D2-6DCE-48A6-9B61-C543BEAA2904}.Debug|Any CPU.ActiveCfg = Debug|Any CPU
		{C117A2D2-6DCE-48A6-9B61-C543BEAA2904}.Debug|Any CPU.Build.0 = Debug|Any CPU
		{C117A2D2-6DCE-48A6-9B61-C543BEAA2904}.Release|Any CPU.ActiveCfg = Release|Any CPU
		{C117A2D2-6DCE-48A6-9B61-C543BEAA2904}.Release|Any CPU.Build.0 = Release|Any CPU
		{54D17A4D-D649-4DFC-9B5C-45C8B86F2BF2}.Debug|Any CPU.ActiveCfg = Debug|Any CPU
		{54D17A4D-D649-4DFC-9B5C-45C8B86F2BF2}.Debug|Any CPU.Build.0 = Debug|Any CPU
		{54D17A4D-D649-4DFC-9B5C-45C8B86F2BF2}.Release|Any CPU.ActiveCfg = Release|Any CPU
		{54D17A4D-D649-4DFC-9B5C-45C8B86F2BF2}.Release|Any CPU.Build.0 = Release|Any CPU
	EndGlobalSection
	GlobalSection(SolutionProperties) = preSolution
		HideSolutionNode = FALSE
	EndGlobalSection
	GlobalSection(NestedProjects) = preSolution
		{18945577-912B-4436-8485-B3F3534A588B} = {0F4B4525-EC1F-4AF5-AAD9-1F02A16942FF}
		{8F9DA149-86A8-467D-99DE-5303552A522B} = {0F4B4525-EC1F-4AF5-AAD9-1F02A16942FF}
		{6E62E564-D8B2-4B1C-8E41-6C01702FCD68} = {DF646FE3-E02E-4EE4-A1D6-20C88988FF1C}
		{C117A2D2-6DCE-48A6-9B61-C543BEAA2904} = {31E98508-C1B5-4C2B-BBD5-5740A5356E7C}
		{54D17A4D-D649-4DFC-9B5C-45C8B86F2BF2} = {0F4B4525-EC1F-4AF5-AAD9-1F02A16942FF}
	EndGlobalSection
	GlobalSection(ExtensibilityGlobals) = postSolution
		SolutionGuid = {DEC08341-E561-4941-A8D8-DF1898CEE445}
	EndGlobalSection
EndGlobal
